
Microsoft Visual Studio Solution File, Format Version 12.00
# Visual Studio 15
Project("{FAE04EC0-301F-11D3-BF4B-00C04F79EFBC}") = "Assembly-CSharp", "Assembly-CSharp.csproj", "{F8EB514B-A32C-DB9D-FF26-8936170F3523}"
EndProject
Project("{FAE04EC0-301F-11D3-BF4B-00C04F79EFBC}") = "Assembly-CSharp-firstpass", "Assembly-CSharp-firstpass.csproj", "{D2E8154F-02ED-0B49-DB89-E056B8E95649}"
EndProject
Project("{FAE04EC0-301F-11D3-BF4B-00C04F79EFBC}") = "Assembly-CSharp-Editor-firstpass", "Assembly-CSharp-Editor-firstpass.csproj", "{D4B45761-3AA9-78B4-4B78-E4AC46FA3CC5}"
EndProject
Project("{FAE04EC0-301F-11D3-BF4B-00C04F79EFBC}") = "Assembly-CSharp-Editor", "Assembly-CSharp-Editor.csproj", "{C1F996A2-84E4-FBB7-8FED-66897A2FEA61}"
EndProject
Global
	GlobalSection(SolutionConfigurationPlatforms) = preSolution
		Debug|Any CPU = Debug|Any CPU
		Release|Any CPU = Release|Any CPU
	EndGlobalSection
	GlobalSection(ProjectConfigurationPlatforms) = postSolution
		{F8EB514B-A32C-DB9D-FF26-8936170F3523}.Debug|Any CPU.ActiveCfg = Debug|Any CPU
		{F8EB514B-A32C-DB9D-FF26-8936170F3523}.Debug|Any CPU.Build.0 = Debug|Any CPU
		{F8EB514B-A32C-DB9D-FF26-8936170F3523}.Release|Any CPU.ActiveCfg = Release|Any CPU
		{F8EB514B-A32C-DB9D-FF26-8936170F3523}.Release|Any CPU.Build.0 = Release|Any CPU
		{D2E8154F-02ED-0B49-DB89-E056B8E95649}.Debug|Any CPU.ActiveCfg = Debug|Any CPU
		{D2E8154F-02ED-0B49-DB89-E056B8E95649}.Debug|Any CPU.Build.0 = Debug|Any CPU
		{D2E8154F-02ED-0B49-DB89-E056B8E95649}.Release|Any CPU.ActiveCfg = Release|Any CPU
		{D2E8154F-02ED-0B49-DB89-E056B8E95649}.Release|Any CPU.Build.0 = Release|Any CPU
		{D4B45761-3AA9-78B4-4B78-E4AC46FA3CC5}.Debug|Any CPU.ActiveCfg = Debug|Any CPU
		{D4B45761-3AA9-78B4-4B78-E4AC46FA3CC5}.Debug|Any CPU.Build.0 = Debug|Any CPU
		{D4B45761-3AA9-78B4-4B78-E4AC46FA3CC5}.Release|Any CPU.ActiveCfg = Release|Any CPU
		{D4B45761-3AA9-78B4-4B78-E4AC46FA3CC5}.Release|Any CPU.Build.0 = Release|Any CPU
		{C1F996A2-84E4-FBB7-8FED-66897A2FEA61}.Debug|Any CPU.ActiveCfg = Debug|Any CPU
		{C1F996A2-84E4-FBB7-8FED-66897A2FEA61}.Debug|Any CPU.Build.0 = Debug|Any CPU
		{C1F996A2-84E4-FBB7-8FED-66897A2FEA61}.Release|Any CPU.ActiveCfg = Release|Any CPU
		{C1F996A2-84E4-FBB7-8FED-66897A2FEA61}.Release|Any CPU.Build.0 = Release|Any CPU
	EndGlobalSection
	GlobalSection(SolutionProperties) = preSolution
		HideSolutionNode = FALSE
	EndGlobalSection
EndGlobal
